%{"certifi": {:hex, :certifi, "0.4.0", "a7966efb868b179023618d29a407548f70c52466bf1849b9e8ebd0e34b7ea11f", [:rebar3], []},
  "codepagex": {:hex, :codepagex, "0.1.3", "35cb0d6731c44b07ce619c20da0501be0e0832abaf131063889ad4473aab6abe", [:mix], []},
  "combine": {:hex, :combine, "0.9.1", "5fd778ee77032ae593bf79aedb8519d9e36283e4f869abd98c2d6029ca476db8", [:mix], []},
  "floki": {:hex, :floki, "0.10.0", "3dcba2ed5a1f14d90f6bd27e29071791e049ad56d170ab33219f9cd707e62844", [:mix], [{:mochiweb_html, "~> 2.15", [hex: :mochiweb_html, optional: false]}]},
  "gettext": {:hex, :gettext, "0.11.0", "80c1dd42d270482418fa158ec5ba073d2980e3718bacad86f3d4ad71d5667679", [:mix], []},
  "hackney": {:hex, :hackney, "1.6.1", "ddd22d42db2b50e6a155439c8811b8f6df61a4395de10509714ad2751c6da817", [:rebar3], [{:certifi, "0.4.0", [hex: :certifi, optional: false]}, {:idna, "1.2.0", [hex: :idna, optional: false]}, {:metrics, "1.0.1", [hex: :metrics, optional: false]}, {:mimerl, "1.0.2", [hex: :mimerl, optional: false]}, {:ssl_verify_fun, "1.1.0", [hex: :ssl_verify_fun, optional: false]}]},
  "httpoison": {:hex, :httpoison, "0.9.0", "68187a2daddfabbe7ca8f7d75ef227f89f0e1507f7eecb67e4536b3c516faddb", [:mix], [{:hackney, "~> 1.6.0", [hex: :hackney, optional: false]}]},
  "idna": {:hex, :idna, "1.2.0", "ac62ee99da068f43c50dc69acf700e03a62a348360126260e87f2b54eced86b2", [:rebar3], []},
  "metrics": {:hex, :metrics, "1.0.1", "25f094dea2cda98213cecc3aeff09e940299d950904393b2a29d191c346a8486", [:rebar3], []},
  "mimerl": {:hex, :mimerl, "1.0.2", "993f9b0e084083405ed8252b99460c4f0563e41729ab42d9074fd5e52439be88", [:rebar3], []},
  "mochiweb_html": {:hex, :mochiweb_html, "2.15.0", "d7402e967d7f9f2912f8befa813c37be62d5eeeddbbcb6fe986c44e01460d497", [:rebar3], []},
  "parallel": {:hex, :parallel, "0.0.3", "d1c9a03f0fd6c85ba174938b9823db51e01a68f9f0e76e3f3e11989cbeb607e7", [:mix], []},
  "scrape": {:hex, :scrape, "1.2.7", "e4077e6daae9fad8535c543f0d18ac2079336ca126a1b44bd70b14b93b25d6be", [:mix], [{:codepagex, "~> 0.1.2", [hex: :codepagex, optional: false]}, {:floki, "~> 0.9", [hex: :floki, optional: false]}, {:httpoison, "~> 0.8", [hex: :httpoison, optional: false]}, {:parallel, "~> 0.0.3", [hex: :parallel, optional: false]}, {:timex, "~> 2.2.1", [hex: :timex, optional: false]}]},
  "ssl_verify_fun": {:hex, :ssl_verify_fun, "1.1.0", "edee20847c42e379bf91261db474ffbe373f8acb56e9079acb6038d4e0bf414f", [:rebar, :make], []},
  "timex": {:hex, :timex, "2.2.1", "0d69012a7fd69f4cbdaa00cc5f2a5f30f1bed56072fb362ed4bddf60db343022", [:mix], [{:combine, "~> 0.7", [hex: :combine, optional: false]}, {:gettext, "~> 0.10", [hex: :gettext, optional: false]}, {:tzdata, "~> 0.1.8 or ~> 0.5", [hex: :tzdata, optional: false]}]},
  "tzdata": {:hex, :tzdata, "0.5.8", "a4ffe564783c6519e4df230a5d0e1cf44b7db7f576bcae76d05540b5da5b6143", [:mix], [{:hackney, "~> 1.0", [hex: :hackney, optional: false]}]},
  "wayback": {:hex, :wayback, "0.1.0", "f23dabde1341afc43de71980352311fba7a77bbd2e38ca763044c73f2cebaf69", [:mix], [{:httpoison, "~> 0.9.0", [hex: :httpoison, optional: false]}]}}
